
Microsoft Visual Studio Solution File, Format Version 12.00
# Visual Studio Version 17
VisualStudioVersion = 17.14.36203.30 d17.14
MinimumVisualStudioVersion = 10.0.40219.1
Project("{FAE04EC0-301F-11D3-BF4B-00C04F79EFBC}") = "MovieAPI", "MovieAPI\MovieAPI.csproj", "{1009C5AC-58FE-4016-867A-1BD5DC09FD8A}"
EndProject
Global
	GlobalSection(SolutionConfigurationPlatforms) = preSolution
		Debug|Any CPU = Debug|Any CPU
		Release|Any CPU = Release|Any CPU
	EndGlobalSection
	GlobalSection(ProjectConfigurationPlatforms) = postSolution
		{1009C5AC-58FE-4016-867A-1BD5DC09FD8A}.Debug|Any CPU.ActiveCfg = Debug|Any CPU
		{1009C5AC-58FE-4016-867A-1BD5DC09FD8A}.Debug|Any CPU.Build.0 = Debug|Any CPU
		{1009C5AC-58FE-4016-867A-1BD5DC09FD8A}.Release|Any CPU.ActiveCfg = Release|Any CPU
		{1009C5AC-58FE-4016-867A-1BD5DC09FD8A}.Release|Any CPU.Build.0 = Release|Any CPU
	EndGlobalSection
	GlobalSection(SolutionProperties) = preSolution
		HideSolutionNode = FALSE
	EndGlobalSection
	GlobalSection(ExtensibilityGlobals) = postSolution
		SolutionGuid = {C7F46250-A3BA-40FF-95EA-896948AD7F99}
	EndGlobalSection
EndGlobal
