
Microsoft Visual Studio Solution File, Format Version 12.00
# Visual Studio Version 17
VisualStudioVersion = 17.14.36203.30
MinimumVisualStudioVersion = 10.0.40219.1
Project("{FAE04EC0-301F-11D3-BF4B-00C04F79EFBC}") = "MovieAPI", "MovieAPI\MovieAPI.csproj", "{1009C5AC-58FE-4016-867A-1BD5DC09FD8A}"
EndProject
Project("{FAE04EC0-301F-11D3-BF4B-00C04F79EFBC}") = "MovieCore", "MovieCore\MovieCore.csproj", "{B2F2138D-7B69-4C3B-A7B9-E10FBA0AF042}"
EndProject
Project("{FAE04EC0-301F-11D3-BF4B-00C04F79EFBC}") = "MovieData", "MovieData\MovieData.csproj", "{E33C9AF3-C01D-4BEE-AE8F-51871BAC0928}"
EndProject
Project("{FAE04EC0-301F-11D3-BF4B-00C04F79EFBC}") = "MovieServices", "MovieServices\MovieServices.csproj", "{BA1C2B56-628B-4159-BF0B-58A9187C31E0}"
EndProject
Project("{FAE04EC0-301F-11D3-BF4B-00C04F79EFBC}") = "MovieServiceContracts", "MovieServiceContracts\MovieServiceContracts.csproj", "{CC0DF375-C922-422F-9ED3-A1DBBC9ED69F}"
EndProject
Project("{FAE04EC0-301F-11D3-BF4B-00C04F79EFBC}") = "MoviePresentation", "MoviePresentation\MoviePresentation.csproj", "{06F8F7CB-F9CB-46DE-B6C4-3795EE3E3BCA}"
EndProject
Global
	GlobalSection(SolutionConfigurationPlatforms) = preSolution
		Debug|Any CPU = Debug|Any CPU
		Release|Any CPU = Release|Any CPU
	EndGlobalSection
	GlobalSection(ProjectConfigurationPlatforms) = postSolution
		{1009C5AC-58FE-4016-867A-1BD5DC09FD8A}.Debug|Any CPU.ActiveCfg = Debug|Any CPU
		{1009C5AC-58FE-4016-867A-1BD5DC09FD8A}.Debug|Any CPU.Build.0 = Debug|Any CPU
		{1009C5AC-58FE-4016-867A-1BD5DC09FD8A}.Release|Any CPU.ActiveCfg = Release|Any CPU
		{1009C5AC-58FE-4016-867A-1BD5DC09FD8A}.Release|Any CPU.Build.0 = Release|Any CPU
		{B2F2138D-7B69-4C3B-A7B9-E10FBA0AF042}.Debug|Any CPU.ActiveCfg = Debug|Any CPU
		{B2F2138D-7B69-4C3B-A7B9-E10FBA0AF042}.Debug|Any CPU.Build.0 = Debug|Any CPU
		{B2F2138D-7B69-4C3B-A7B9-E10FBA0AF042}.Release|Any CPU.ActiveCfg = Release|Any CPU
		{B2F2138D-7B69-4C3B-A7B9-E10FBA0AF042}.Release|Any CPU.Build.0 = Release|Any CPU
		{E33C9AF3-C01D-4BEE-AE8F-51871BAC0928}.Debug|Any CPU.ActiveCfg = Debug|Any CPU
		{E33C9AF3-C01D-4BEE-AE8F-51871BAC0928}.Debug|Any CPU.Build.0 = Debug|Any CPU
		{E33C9AF3-C01D-4BEE-AE8F-51871BAC0928}.Release|Any CPU.ActiveCfg = Release|Any CPU
		{E33C9AF3-C01D-4BEE-AE8F-51871BAC0928}.Release|Any CPU.Build.0 = Release|Any CPU
		{BA1C2B56-628B-4159-BF0B-58A9187C31E0}.Debug|Any CPU.ActiveCfg = Debug|Any CPU
		{BA1C2B56-628B-4159-BF0B-58A9187C31E0}.Debug|Any CPU.Build.0 = Debug|Any CPU
		{BA1C2B56-628B-4159-BF0B-58A9187C31E0}.Release|Any CPU.ActiveCfg = Release|Any CPU
		{BA1C2B56-628B-4159-BF0B-58A9187C31E0}.Release|Any CPU.Build.0 = Release|Any CPU
		{CC0DF375-C922-422F-9ED3-A1DBBC9ED69F}.Debug|Any CPU.ActiveCfg = Debug|Any CPU
		{CC0DF375-C922-422F-9ED3-A1DBBC9ED69F}.Debug|Any CPU.Build.0 = Debug|Any CPU
		{CC0DF375-C922-422F-9ED3-A1DBBC9ED69F}.Release|Any CPU.ActiveCfg = Release|Any CPU
		{CC0DF375-C922-422F-9ED3-A1DBBC9ED69F}.Release|Any CPU.Build.0 = Release|Any CPU
		{06F8F7CB-F9CB-46DE-B6C4-3795EE3E3BCA}.Debug|Any CPU.ActiveCfg = Debug|Any CPU
		{06F8F7CB-F9CB-46DE-B6C4-3795EE3E3BCA}.Debug|Any CPU.Build.0 = Debug|Any CPU
		{06F8F7CB-F9CB-46DE-B6C4-3795EE3E3BCA}.Release|Any CPU.ActiveCfg = Release|Any CPU
		{06F8F7CB-F9CB-46DE-B6C4-3795EE3E3BCA}.Release|Any CPU.Build.0 = Release|Any CPU
	EndGlobalSection
	GlobalSection(SolutionProperties) = preSolution
		HideSolutionNode = FALSE
	EndGlobalSection
	GlobalSection(ExtensibilityGlobals) = postSolution
		SolutionGuid = {C7F46250-A3BA-40FF-95EA-896948AD7F99}
	EndGlobalSection
EndGlobal
